// !$*UTF8*$!
{
	archiveVersion = 1;
	classes = {
	};
	objectVersion = 55;
	objects = {

/* Begin PBXBuildFile section */
		47438A6329019CC1003419B5 /* DetailsView.swift in Sources */ = {isa = PBXBuildFile; fileRef = 47438A6229019CC1003419B5 /* DetailsView.swift */; };
		47438A6529019D48003419B5 /* DetailsViewModel.swift in Sources */ = {isa = PBXBuildFile; fileRef = 47438A6429019D48003419B5 /* DetailsViewModel.swift */; };
		47438A6929019D5F003419B5 /* DetailsCoordinator.swift in Sources */ = {isa = PBXBuildFile; fileRef = 47438A6829019D5F003419B5 /* DetailsCoordinator.swift */; };
		474C62DB2901486B00795656 /* ScheduleAPIServiceProtocol.swift in Sources */ = {isa = PBXBuildFile; fileRef = 474C62DA2901486B00795656 /* ScheduleAPIServiceProtocol.swift */; };
		474C62DD2901488000795656 /* ScheduleAPIService.swift in Sources */ = {isa = PBXBuildFile; fileRef = 474C62DC2901488000795656 /* ScheduleAPIService.swift */; };
		474C62DF2901488C00795656 /* ScheduleAPIError.swift in Sources */ = {isa = PBXBuildFile; fileRef = 474C62DE2901488C00795656 /* ScheduleAPIError.swift */; };
		474C62E329014B9B00795656 /* ScheduleAPIResponse.swift in Sources */ = {isa = PBXBuildFile; fileRef = 474C62E229014B9A00795656 /* ScheduleAPIResponse.swift */; };
		474CD5A42908512200201C5B /* CastAPIResponse.swift in Sources */ = {isa = PBXBuildFile; fileRef = 474CD5A32908512200201C5B /* CastAPIResponse.swift */; };
		474CD5A62908513300201C5B /* CastAPIService.swift in Sources */ = {isa = PBXBuildFile; fileRef = 474CD5A52908513300201C5B /* CastAPIService.swift */; };
		474CD5A82908514100201C5B /* CastApiServiceProtocol.swift in Sources */ = {isa = PBXBuildFile; fileRef = 474CD5A72908514100201C5B /* CastApiServiceProtocol.swift */; };
		474CD5AA2908515300201C5B /* CastAPIError.swift in Sources */ = {isa = PBXBuildFile; fileRef = 474CD5A92908515300201C5B /* CastAPIError.swift */; };
		474CD5AC2908632100201C5B /* ShowDetailsView.swift in Sources */ = {isa = PBXBuildFile; fileRef = 474CD5AB2908632100201C5B /* ShowDetailsView.swift */; };
		474CD5AF290863BE00201C5B /* ScheduleDetailsView.swift in Sources */ = {isa = PBXBuildFile; fileRef = 474CD5AE290863BE00201C5B /* ScheduleDetailsView.swift */; };
		474CD5B22909509000201C5B /* MovieCardView.swift in Sources */ = {isa = PBXBuildFile; fileRef = 474CD5B12909509000201C5B /* MovieCardView.swift */; };
		474CD5B4290950CE00201C5B /* ScheduleMovieCardView.swift in Sources */ = {isa = PBXBuildFile; fileRef = 474CD5B3290950CE00201C5B /* ScheduleMovieCardView.swift */; };
		474CD5B7290997AD00201C5B /* SearchMovieCardView.swift in Sources */ = {isa = PBXBuildFile; fileRef = 474CD5B6290997AD00201C5B /* SearchMovieCardView.swift */; };
		479205312902CC58005D70EF /* TypeAliases.swift in Sources */ = {isa = PBXBuildFile; fileRef = 479205302902CC58005D70EF /* TypeAliases.swift */; };
		47A195A929000A7C00973B87 /* ServiceFactory.swift in Sources */ = {isa = PBXBuildFile; fileRef = 47A195A829000A7C00973B87 /* ServiceFactory.swift */; };
		47A195AB29000A8B00973B87 /* DataServiceError.swift in Sources */ = {isa = PBXBuildFile; fileRef = 47A195AA29000A8B00973B87 /* DataServiceError.swift */; };
		47A195AD29000AA200973B87 /* DataService.swift in Sources */ = {isa = PBXBuildFile; fileRef = 47A195AC29000AA200973B87 /* DataService.swift */; };
		47A195AF29000AB700973B87 /* DataServiceProtocol.swift in Sources */ = {isa = PBXBuildFile; fileRef = 47A195AE29000AB700973B87 /* DataServiceProtocol.swift */; };
		47A195B229000D5A00973B87 /* ShowsAPIResponse.swift in Sources */ = {isa = PBXBuildFile; fileRef = 47A195B129000D5A00973B87 /* ShowsAPIResponse.swift */; };
		47A195B429000D6700973B87 /* ShowsAPIService.swift in Sources */ = {isa = PBXBuildFile; fileRef = 47A195B329000D6700973B87 /* ShowsAPIService.swift */; };
		47A195B629000D7600973B87 /* ShowsApiServiceProtocol.swift in Sources */ = {isa = PBXBuildFile; fileRef = 47A195B529000D7600973B87 /* ShowsApiServiceProtocol.swift */; };
		47A195B829000D8300973B87 /* ShowsAPIError.swift in Sources */ = {isa = PBXBuildFile; fileRef = 47A195B729000D8200973B87 /* ShowsAPIError.swift */; };
		47A6DD2D29070D1A0024CCB9 /* AttributedText in Frameworks */ = {isa = PBXBuildFile; productRef = 47A6DD2C29070D1A0024CCB9 /* AttributedText */; };
		47D44C7028FEA62D003E51F3 /* AppDelegate.swift in Sources */ = {isa = PBXBuildFile; fileRef = 47D44C6F28FEA62D003E51F3 /* AppDelegate.swift */; };
		47D44C7228FEA62D003E51F3 /* SceneDelegate.swift in Sources */ = {isa = PBXBuildFile; fileRef = 47D44C7128FEA62D003E51F3 /* SceneDelegate.swift */; };
		47D44C7428FEA62D003E51F3 /* ViewController.swift in Sources */ = {isa = PBXBuildFile; fileRef = 47D44C7328FEA62D003E51F3 /* ViewController.swift */; };
		47D44C7728FEA62D003E51F3 /* Main.storyboard in Resources */ = {isa = PBXBuildFile; fileRef = 47D44C7528FEA62D003E51F3 /* Main.storyboard */; };
		47D44C7928FEA62E003E51F3 /* Assets.xcassets in Resources */ = {isa = PBXBuildFile; fileRef = 47D44C7828FEA62E003E51F3 /* Assets.xcassets */; };
		47D44C7C28FEA62E003E51F3 /* LaunchScreen.storyboard in Resources */ = {isa = PBXBuildFile; fileRef = 47D44C7A28FEA62E003E51F3 /* LaunchScreen.storyboard */; };
		47D44C8B28FEA6DE003E51F3 /* RootCoordinator.swift in Sources */ = {isa = PBXBuildFile; fileRef = 47D44C8A28FEA6DE003E51F3 /* RootCoordinator.swift */; };
		47D44C8D28FEA6F8003E51F3 /* Coordinator.swift in Sources */ = {isa = PBXBuildFile; fileRef = 47D44C8C28FEA6F8003E51F3 /* Coordinator.swift */; };
		47D44C8F28FEA725003E51F3 /* HomeView.swift in Sources */ = {isa = PBXBuildFile; fileRef = 47D44C8E28FEA725003E51F3 /* HomeView.swift */; };
		47D44C9128FEA730003E51F3 /* HomeViewModel.swift in Sources */ = {isa = PBXBuildFile; fileRef = 47D44C9028FEA730003E51F3 /* HomeViewModel.swift */; };
		47D44C9528FEA744003E51F3 /* HomeCoordinator.swift in Sources */ = {isa = PBXBuildFile; fileRef = 47D44C9428FEA744003E51F3 /* HomeCoordinator.swift */; };
		47D44C9728FEACE3003E51F3 /* SearchView.swift in Sources */ = {isa = PBXBuildFile; fileRef = 47D44C9628FEACE3003E51F3 /* SearchView.swift */; };
		47D44C9928FEACF2003E51F3 /* SearchViewModel.swift in Sources */ = {isa = PBXBuildFile; fileRef = 47D44C9828FEACF2003E51F3 /* SearchViewModel.swift */; };
		47D44C9D28FEAE03003E51F3 /* SearchCoordinator.swift in Sources */ = {isa = PBXBuildFile; fileRef = 47D44C9C28FEAE03003E51F3 /* SearchCoordinator.swift */; };
		47D44C9F28FEB6F7003E51F3 /* FavoritesView.swift in Sources */ = {isa = PBXBuildFile; fileRef = 47D44C9E28FEB6F7003E51F3 /* FavoritesView.swift */; };
		47D44CA128FEB706003E51F3 /* FavoritesViewModel.swift in Sources */ = {isa = PBXBuildFile; fileRef = 47D44CA028FEB706003E51F3 /* FavoritesViewModel.swift */; };
		47D44CA528FEB71B003E51F3 /* FavoritesCoordinator.swift in Sources */ = {isa = PBXBuildFile; fileRef = 47D44CA428FEB71A003E51F3 /* FavoritesCoordinator.swift */; };
		47DF9CD62909DFCA00351A44 /* SearchAPIResponse.swift in Sources */ = {isa = PBXBuildFile; fileRef = 47DF9CD52909DFCA00351A44 /* SearchAPIResponse.swift */; };
		47DF9CD82909DFD400351A44 /* SearchAPIService.swift in Sources */ = {isa = PBXBuildFile; fileRef = 47DF9CD72909DFD400351A44 /* SearchAPIService.swift */; };
		47DF9CDA2909DFE200351A44 /* SearchAPIServiceProtocol.swift in Sources */ = {isa = PBXBuildFile; fileRef = 47DF9CD92909DFE200351A44 /* SearchAPIServiceProtocol.swift */; };
		47DF9CDC2909DFEE00351A44 /* SearchAPIError.swift in Sources */ = {isa = PBXBuildFile; fileRef = 47DF9CDB2909DFEE00351A44 /* SearchAPIError.swift */; };
/* End PBXBuildFile section */

/* Begin PBXFileReference section */
		47438A6229019CC1003419B5 /* DetailsView.swift */ = {isa = PBXFileReference; lastKnownFileType = sourcecode.swift; path = DetailsView.swift; sourceTree = "<group>"; };
		47438A6429019D48003419B5 /* DetailsViewModel.swift */ = {isa = PBXFileReference; lastKnownFileType = sourcecode.swift; path = DetailsViewModel.swift; sourceTree = "<group>"; };
		47438A6829019D5F003419B5 /* DetailsCoordinator.swift */ = {isa = PBXFileReference; lastKnownFileType = sourcecode.swift; path = DetailsCoordinator.swift; sourceTree = "<group>"; };
		474C62DA2901486B00795656 /* ScheduleAPIServiceProtocol.swift */ = {isa = PBXFileReference; lastKnownFileType = sourcecode.swift; path = ScheduleAPIServiceProtocol.swift; sourceTree = "<group>"; };
		474C62DC2901488000795656 /* ScheduleAPIService.swift */ = {isa = PBXFileReference; lastKnownFileType = sourcecode.swift; path = ScheduleAPIService.swift; sourceTree = "<group>"; };
		474C62DE2901488C00795656 /* ScheduleAPIError.swift */ = {isa = PBXFileReference; lastKnownFileType = sourcecode.swift; path = ScheduleAPIError.swift; sourceTree = "<group>"; };
		474C62E229014B9A00795656 /* ScheduleAPIResponse.swift */ = {isa = PBXFileReference; lastKnownFileType = sourcecode.swift; path = ScheduleAPIResponse.swift; sourceTree = "<group>"; };
		474CD5A32908512200201C5B /* CastAPIResponse.swift */ = {isa = PBXFileReference; lastKnownFileType = sourcecode.swift; path = CastAPIResponse.swift; sourceTree = "<group>"; };
		474CD5A52908513300201C5B /* CastAPIService.swift */ = {isa = PBXFileReference; lastKnownFileType = sourcecode.swift; path = CastAPIService.swift; sourceTree = "<group>"; };
		474CD5A72908514100201C5B /* CastApiServiceProtocol.swift */ = {isa = PBXFileReference; lastKnownFileType = sourcecode.swift; path = CastApiServiceProtocol.swift; sourceTree = "<group>"; };
		474CD5A92908515300201C5B /* CastAPIError.swift */ = {isa = PBXFileReference; lastKnownFileType = sourcecode.swift; path = CastAPIError.swift; sourceTree = "<group>"; };
		474CD5AB2908632100201C5B /* ShowDetailsView.swift */ = {isa = PBXFileReference; lastKnownFileType = sourcecode.swift; path = ShowDetailsView.swift; sourceTree = "<group>"; };
		474CD5AE290863BE00201C5B /* ScheduleDetailsView.swift */ = {isa = PBXFileReference; lastKnownFileType = sourcecode.swift; path = ScheduleDetailsView.swift; sourceTree = "<group>"; };
		474CD5B12909509000201C5B /* MovieCardView.swift */ = {isa = PBXFileReference; lastKnownFileType = sourcecode.swift; path = MovieCardView.swift; sourceTree = "<group>"; };
		474CD5B3290950CE00201C5B /* ScheduleMovieCardView.swift */ = {isa = PBXFileReference; lastKnownFileType = sourcecode.swift; path = ScheduleMovieCardView.swift; sourceTree = "<group>"; };
		474CD5B6290997AD00201C5B /* SearchMovieCardView.swift */ = {isa = PBXFileReference; lastKnownFileType = sourcecode.swift; path = SearchMovieCardView.swift; sourceTree = "<group>"; };
		479205302902CC58005D70EF /* TypeAliases.swift */ = {isa = PBXFileReference; lastKnownFileType = sourcecode.swift; path = TypeAliases.swift; sourceTree = "<group>"; };
		47A195A829000A7C00973B87 /* ServiceFactory.swift */ = {isa = PBXFileReference; lastKnownFileType = sourcecode.swift; path = ServiceFactory.swift; sourceTree = "<group>"; };
		47A195AA29000A8B00973B87 /* DataServiceError.swift */ = {isa = PBXFileReference; lastKnownFileType = sourcecode.swift; path = DataServiceError.swift; sourceTree = "<group>"; };
		47A195AC29000AA200973B87 /* DataService.swift */ = {isa = PBXFileReference; lastKnownFileType = sourcecode.swift; path = DataService.swift; sourceTree = "<group>"; };
		47A195AE29000AB700973B87 /* DataServiceProtocol.swift */ = {isa = PBXFileReference; lastKnownFileType = sourcecode.swift; path = DataServiceProtocol.swift; sourceTree = "<group>"; };
		47A195B129000D5A00973B87 /* ShowsAPIResponse.swift */ = {isa = PBXFileReference; lastKnownFileType = sourcecode.swift; path = ShowsAPIResponse.swift; sourceTree = "<group>"; };
		47A195B329000D6700973B87 /* ShowsAPIService.swift */ = {isa = PBXFileReference; lastKnownFileType = sourcecode.swift; path = ShowsAPIService.swift; sourceTree = "<group>"; };
		47A195B529000D7600973B87 /* ShowsApiServiceProtocol.swift */ = {isa = PBXFileReference; lastKnownFileType = sourcecode.swift; path = ShowsApiServiceProtocol.swift; sourceTree = "<group>"; };
		47A195B729000D8200973B87 /* ShowsAPIError.swift */ = {isa = PBXFileReference; lastKnownFileType = sourcecode.swift; path = ShowsAPIError.swift; sourceTree = "<group>"; };
		47D44C6C28FEA62D003E51F3 /* Cobe.app */ = {isa = PBXFileReference; explicitFileType = wrapper.application; includeInIndex = 0; path = Cobe.app; sourceTree = BUILT_PRODUCTS_DIR; };
		47D44C6F28FEA62D003E51F3 /* AppDelegate.swift */ = {isa = PBXFileReference; lastKnownFileType = sourcecode.swift; path = AppDelegate.swift; sourceTree = "<group>"; };
		47D44C7128FEA62D003E51F3 /* SceneDelegate.swift */ = {isa = PBXFileReference; lastKnownFileType = sourcecode.swift; path = SceneDelegate.swift; sourceTree = "<group>"; };
		47D44C7328FEA62D003E51F3 /* ViewController.swift */ = {isa = PBXFileReference; lastKnownFileType = sourcecode.swift; path = ViewController.swift; sourceTree = "<group>"; };
		47D44C7628FEA62D003E51F3 /* Base */ = {isa = PBXFileReference; lastKnownFileType = file.storyboard; name = Base; path = Base.lproj/Main.storyboard; sourceTree = "<group>"; };
		47D44C7828FEA62E003E51F3 /* Assets.xcassets */ = {isa = PBXFileReference; lastKnownFileType = folder.assetcatalog; path = Assets.xcassets; sourceTree = "<group>"; };
		47D44C7B28FEA62E003E51F3 /* Base */ = {isa = PBXFileReference; lastKnownFileType = file.storyboard; name = Base; path = Base.lproj/LaunchScreen.storyboard; sourceTree = "<group>"; };
		47D44C7D28FEA62E003E51F3 /* Info.plist */ = {isa = PBXFileReference; lastKnownFileType = text.plist.xml; path = Info.plist; sourceTree = "<group>"; };
		47D44C8A28FEA6DE003E51F3 /* RootCoordinator.swift */ = {isa = PBXFileReference; lastKnownFileType = sourcecode.swift; path = RootCoordinator.swift; sourceTree = "<group>"; };
		47D44C8C28FEA6F8003E51F3 /* Coordinator.swift */ = {isa = PBXFileReference; lastKnownFileType = sourcecode.swift; path = Coordinator.swift; sourceTree = "<group>"; };
		47D44C8E28FEA725003E51F3 /* HomeView.swift */ = {isa = PBXFileReference; lastKnownFileType = sourcecode.swift; path = HomeView.swift; sourceTree = "<group>"; };
		47D44C9028FEA730003E51F3 /* HomeViewModel.swift */ = {isa = PBXFileReference; lastKnownFileType = sourcecode.swift; path = HomeViewModel.swift; sourceTree = "<group>"; };
		47D44C9428FEA744003E51F3 /* HomeCoordinator.swift */ = {isa = PBXFileReference; lastKnownFileType = sourcecode.swift; path = HomeCoordinator.swift; sourceTree = "<group>"; };
		47D44C9628FEACE3003E51F3 /* SearchView.swift */ = {isa = PBXFileReference; lastKnownFileType = sourcecode.swift; path = SearchView.swift; sourceTree = "<group>"; };
		47D44C9828FEACF2003E51F3 /* SearchViewModel.swift */ = {isa = PBXFileReference; lastKnownFileType = sourcecode.swift; path = SearchViewModel.swift; sourceTree = "<group>"; };
		47D44C9C28FEAE03003E51F3 /* SearchCoordinator.swift */ = {isa = PBXFileReference; lastKnownFileType = sourcecode.swift; path = SearchCoordinator.swift; sourceTree = "<group>"; };
		47D44C9E28FEB6F7003E51F3 /* FavoritesView.swift */ = {isa = PBXFileReference; lastKnownFileType = sourcecode.swift; path = FavoritesView.swift; sourceTree = "<group>"; };
		47D44CA028FEB706003E51F3 /* FavoritesViewModel.swift */ = {isa = PBXFileReference; lastKnownFileType = sourcecode.swift; path = FavoritesViewModel.swift; sourceTree = "<group>"; };
		47D44CA428FEB71A003E51F3 /* FavoritesCoordinator.swift */ = {isa = PBXFileReference; lastKnownFileType = sourcecode.swift; path = FavoritesCoordinator.swift; sourceTree = "<group>"; };
		47DF9CD52909DFCA00351A44 /* SearchAPIResponse.swift */ = {isa = PBXFileReference; lastKnownFileType = sourcecode.swift; path = SearchAPIResponse.swift; sourceTree = "<group>"; };
		47DF9CD72909DFD400351A44 /* SearchAPIService.swift */ = {isa = PBXFileReference; lastKnownFileType = sourcecode.swift; path = SearchAPIService.swift; sourceTree = "<group>"; };
		47DF9CD92909DFE200351A44 /* SearchAPIServiceProtocol.swift */ = {isa = PBXFileReference; lastKnownFileType = sourcecode.swift; path = SearchAPIServiceProtocol.swift; sourceTree = "<group>"; };
		47DF9CDB2909DFEE00351A44 /* SearchAPIError.swift */ = {isa = PBXFileReference; lastKnownFileType = sourcecode.swift; path = SearchAPIError.swift; sourceTree = "<group>"; };
/* End PBXFileReference section */

/* Begin PBXFrameworksBuildPhase section */
		47D44C6928FEA62D003E51F3 /* Frameworks */ = {
			isa = PBXFrameworksBuildPhase;
			buildActionMask = 2147483647;
			files = (
				47A6DD2D29070D1A0024CCB9 /* AttributedText in Frameworks */,
			);
			runOnlyForDeploymentPostprocessing = 0;
		};
/* End PBXFrameworksBuildPhase section */

/* Begin PBXGroup section */
		47438A6129019468003419B5 /* Details */ = {
			isa = PBXGroup;
			children = (
				474CD5AD290863A400201C5B /* SliderDetailsView */,
				47438A6229019CC1003419B5 /* DetailsView.swift */,
				47438A6429019D48003419B5 /* DetailsViewModel.swift */,
				47438A6829019D5F003419B5 /* DetailsCoordinator.swift */,
			);
			path = Details;
			sourceTree = "<group>";
		};
		474C62D52901480F00795656 /* ScheduleApi */ = {
			isa = PBXGroup;
			children = (
				474C62E229014B9A00795656 /* ScheduleAPIResponse.swift */,
				474C62DC2901488000795656 /* ScheduleAPIService.swift */,
				474C62DA2901486B00795656 /* ScheduleAPIServiceProtocol.swift */,
				474C62DE2901488C00795656 /* ScheduleAPIError.swift */,
			);
			path = ScheduleApi;
			sourceTree = "<group>";
		};
		474CD5A22908285F00201C5B /* CastApi */ = {
			isa = PBXGroup;
			children = (
				474CD5A32908512200201C5B /* CastAPIResponse.swift */,
				474CD5A52908513300201C5B /* CastAPIService.swift */,
				474CD5A72908514100201C5B /* CastApiServiceProtocol.swift */,
				474CD5A92908515300201C5B /* CastAPIError.swift */,
			);
			path = CastApi;
			sourceTree = "<group>";
		};
		474CD5AD290863A400201C5B /* SliderDetailsView */ = {
			isa = PBXGroup;
			children = (
				474CD5AB2908632100201C5B /* ShowDetailsView.swift */,
				474CD5AE290863BE00201C5B /* ScheduleDetailsView.swift */,
			);
			path = SliderDetailsView;
			sourceTree = "<group>";
		};
		474CD5B02909507300201C5B /* SliderView */ = {
			isa = PBXGroup;
			children = (
				474CD5B12909509000201C5B /* MovieCardView.swift */,
				474CD5B3290950CE00201C5B /* ScheduleMovieCardView.swift */,
			);
			path = SliderView;
			sourceTree = "<group>";
		};
		474CD5B52909979B00201C5B /* SubView */ = {
			isa = PBXGroup;
			children = (
				474CD5B6290997AD00201C5B /* SearchMovieCardView.swift */,
			);
			path = SubView;
			sourceTree = "<group>";
		};
		47A195A729000A7400973B87 /* Data */ = {
			isa = PBXGroup;
			children = (
				47A195AA29000A8B00973B87 /* DataServiceError.swift */,
				47A195AC29000AA200973B87 /* DataService.swift */,
				47A195AE29000AB700973B87 /* DataServiceProtocol.swift */,
			);
			path = Data;
			sourceTree = "<group>";
		};
		47A195B029000D4300973B87 /* ShowApi */ = {
			isa = PBXGroup;
			children = (
				47A195B129000D5A00973B87 /* ShowsAPIResponse.swift */,
				47A195B329000D6700973B87 /* ShowsAPIService.swift */,
				47A195B529000D7600973B87 /* ShowsApiServiceProtocol.swift */,
				47A195B729000D8200973B87 /* ShowsAPIError.swift */,
			);
			path = ShowApi;
			sourceTree = "<group>";
		};
		47D44C6328FEA62D003E51F3 = {
			isa = PBXGroup;
			children = (
				47D44C6E28FEA62D003E51F3 /* Cobe */,
				47D44C6D28FEA62D003E51F3 /* Products */,
			);
			sourceTree = "<group>";
		};
		47D44C6D28FEA62D003E51F3 /* Products */ = {
			isa = PBXGroup;
			children = (
				47D44C6C28FEA62D003E51F3 /* Cobe.app */,
			);
			name = Products;
			sourceTree = "<group>";
		};
		47D44C6E28FEA62D003E51F3 /* Cobe */ = {
			isa = PBXGroup;
			children = (
				47D44C6F28FEA62D003E51F3 /* AppDelegate.swift */,
				47D44C7128FEA62D003E51F3 /* SceneDelegate.swift */,
				47D44C7328FEA62D003E51F3 /* ViewController.swift */,
				47D44C7528FEA62D003E51F3 /* Main.storyboard */,
				47D44C7828FEA62E003E51F3 /* Assets.xcassets */,
				47D44C7A28FEA62E003E51F3 /* LaunchScreen.storyboard */,
				47D44C7D28FEA62E003E51F3 /* Info.plist */,
				47D44C8928FEA6CE003E51F3 /* DataModels */,
				47D44C8828FEA6C1003E51F3 /* Services */,
				47D44C8728FEA6A4003E51F3 /* UI */,
				47D44C8328FEA654003E51F3 /* Utils */,
			);
			path = Cobe;
			sourceTree = "<group>";
		};
		47D44C8328FEA654003E51F3 /* Utils */ = {
			isa = PBXGroup;
			children = (
				47D44C8C28FEA6F8003E51F3 /* Coordinator.swift */,
				479205302902CC58005D70EF /* TypeAliases.swift */,
			);
			path = Utils;
			sourceTree = "<group>";
		};
		47D44C8428FEA660003E51F3 /* Search */ = {
			isa = PBXGroup;
			children = (
				474CD5B52909979B00201C5B /* SubView */,
				47D44C9628FEACE3003E51F3 /* SearchView.swift */,
				47D44C9828FEACF2003E51F3 /* SearchViewModel.swift */,
				47D44C9C28FEAE03003E51F3 /* SearchCoordinator.swift */,
			);
			path = Search;
			sourceTree = "<group>";
		};
		47D44C8528FEA673003E51F3 /* Favorites */ = {
			isa = PBXGroup;
			children = (
				47D44C9E28FEB6F7003E51F3 /* FavoritesView.swift */,
				47D44CA028FEB706003E51F3 /* FavoritesViewModel.swift */,
				47D44CA428FEB71A003E51F3 /* FavoritesCoordinator.swift */,
			);
			path = Favorites;
			sourceTree = "<group>";
		};
		47D44C8628FEA698003E51F3 /* Home */ = {
			isa = PBXGroup;
			children = (
				474CD5B02909507300201C5B /* SliderView */,
				47D44C8E28FEA725003E51F3 /* HomeView.swift */,
				47D44C9028FEA730003E51F3 /* HomeViewModel.swift */,
				47D44C9428FEA744003E51F3 /* HomeCoordinator.swift */,
			);
			path = Home;
			sourceTree = "<group>";
		};
		47D44C8728FEA6A4003E51F3 /* UI */ = {
			isa = PBXGroup;
			children = (
				47D44C8A28FEA6DE003E51F3 /* RootCoordinator.swift */,
				47D44C8628FEA698003E51F3 /* Home */,
				47D44C8428FEA660003E51F3 /* Search */,
				47D44C8528FEA673003E51F3 /* Favorites */,
				47438A6129019468003419B5 /* Details */,
			);
			path = UI;
			sourceTree = "<group>";
		};
		47D44C8828FEA6C1003E51F3 /* Services */ = {
			isa = PBXGroup;
			children = (
				47A195A829000A7C00973B87 /* ServiceFactory.swift */,
				47A195A729000A7400973B87 /* Data */,
				474CD5A22908285F00201C5B /* CastApi */,
				47A195B029000D4300973B87 /* ShowApi */,
				474C62D52901480F00795656 /* ScheduleApi */,
				47DF9CD42909DF9300351A44 /* SearchApi */,
			);
			path = Services;
			sourceTree = "<group>";
		};
		47D44C8928FEA6CE003E51F3 /* DataModels */ = {
			isa = PBXGroup;
			children = (
			);
			path = DataModels;
			sourceTree = "<group>";
		};
		47DF9CD42909DF9300351A44 /* SearchApi */ = {
			isa = PBXGroup;
			children = (
				47DF9CD52909DFCA00351A44 /* SearchAPIResponse.swift */,
				47DF9CD72909DFD400351A44 /* SearchAPIService.swift */,
				47DF9CD92909DFE200351A44 /* SearchAPIServiceProtocol.swift */,
				47DF9CDB2909DFEE00351A44 /* SearchAPIError.swift */,
			);
			path = SearchApi;
			sourceTree = "<group>";
		};
/* End PBXGroup section */

/* Begin PBXNativeTarget section */
		47D44C6B28FEA62D003E51F3 /* Cobe */ = {
			isa = PBXNativeTarget;
			buildConfigurationList = 47D44C8028FEA62E003E51F3 /* Build configuration list for PBXNativeTarget "Cobe" */;
			buildPhases = (
				47D44C6828FEA62D003E51F3 /* Sources */,
				47D44C6928FEA62D003E51F3 /* Frameworks */,
				47D44C6A28FEA62D003E51F3 /* Resources */,
			);
			buildRules = (
			);
			dependencies = (
			);
			name = Cobe;
			packageProductDependencies = (
				47A6DD2C29070D1A0024CCB9 /* AttributedText */,
			);
			productName = Cobe;
			productReference = 47D44C6C28FEA62D003E51F3 /* Cobe.app */;
			productType = "com.apple.product-type.application";
		};
/* End PBXNativeTarget section */

/* Begin PBXProject section */
		47D44C6428FEA62D003E51F3 /* Project object */ = {
			isa = PBXProject;
			attributes = {
				BuildIndependentTargetsInParallel = 1;
				LastSwiftUpdateCheck = 1340;
				LastUpgradeCheck = 1340;
				TargetAttributes = {
					47D44C6B28FEA62D003E51F3 = {
						CreatedOnToolsVersion = 13.4.1;
					};
				};
			};
			buildConfigurationList = 47D44C6728FEA62D003E51F3 /* Build configuration list for PBXProject "Cobe" */;
			compatibilityVersion = "Xcode 13.0";
			developmentRegion = en;
			hasScannedForEncodings = 0;
			knownRegions = (
				en,
				Base,
			);
			mainGroup = 47D44C6328FEA62D003E51F3;
			packageReferences = (
				47A6DD2B29070D1A0024CCB9 /* XCRemoteSwiftPackageReference "AttributedText" */,
			);
			productRefGroup = 47D44C6D28FEA62D003E51F3 /* Products */;
			projectDirPath = "";
			projectRoot = "";
			targets = (
				47D44C6B28FEA62D003E51F3 /* Cobe */,
			);
		};
/* End PBXProject section */

/* Begin PBXResourcesBuildPhase section */
		47D44C6A28FEA62D003E51F3 /* Resources */ = {
			isa = PBXResourcesBuildPhase;
			buildActionMask = 2147483647;
			files = (
				47D44C7C28FEA62E003E51F3 /* LaunchScreen.storyboard in Resources */,
				47D44C7928FEA62E003E51F3 /* Assets.xcassets in Resources */,
				47D44C7728FEA62D003E51F3 /* Main.storyboard in Resources */,
			);
			runOnlyForDeploymentPostprocessing = 0;
		};
/* End PBXResourcesBuildPhase section */

/* Begin PBXSourcesBuildPhase section */
		47D44C6828FEA62D003E51F3 /* Sources */ = {
			isa = PBXSourcesBuildPhase;
			buildActionMask = 2147483647;
			files = (
				474CD5AA2908515300201C5B /* CastAPIError.swift in Sources */,
				47A195B829000D8300973B87 /* ShowsAPIError.swift in Sources */,
				47DF9CDA2909DFE200351A44 /* SearchAPIServiceProtocol.swift in Sources */,
				47DF9CD82909DFD400351A44 /* SearchAPIService.swift in Sources */,
				474C62DF2901488C00795656 /* ScheduleAPIError.swift in Sources */,
				47D44CA128FEB706003E51F3 /* FavoritesViewModel.swift in Sources */,
				47A195B629000D7600973B87 /* ShowsApiServiceProtocol.swift in Sources */,
				474C62E329014B9B00795656 /* ScheduleAPIResponse.swift in Sources */,
				474C62DD2901488000795656 /* ScheduleAPIService.swift in Sources */,
				47D44C9928FEACF2003E51F3 /* SearchViewModel.swift in Sources */,
				47438A6929019D5F003419B5 /* DetailsCoordinator.swift in Sources */,
				47A195AB29000A8B00973B87 /* DataServiceError.swift in Sources */,
				474CD5AF290863BE00201C5B /* ScheduleDetailsView.swift in Sources */,
				474CD5A62908513300201C5B /* CastAPIService.swift in Sources */,
				47D44C9D28FEAE03003E51F3 /* SearchCoordinator.swift in Sources */,
				47D44C9728FEACE3003E51F3 /* SearchView.swift in Sources */,
				47D44C8B28FEA6DE003E51F3 /* RootCoordinator.swift in Sources */,
				474CD5AC2908632100201C5B /* ShowDetailsView.swift in Sources */,
				47438A6329019CC1003419B5 /* DetailsView.swift in Sources */,
				47DF9CD62909DFCA00351A44 /* SearchAPIResponse.swift in Sources */,
				47D44C9F28FEB6F7003E51F3 /* FavoritesView.swift in Sources */,
				47A195B429000D6700973B87 /* ShowsAPIService.swift in Sources */,
				47D44C7428FEA62D003E51F3 /* ViewController.swift in Sources */,
				479205312902CC58005D70EF /* TypeAliases.swift in Sources */,
				47D44C9528FEA744003E51F3 /* HomeCoordinator.swift in Sources */,
				47D44C9128FEA730003E51F3 /* HomeViewModel.swift in Sources */,
				474CD5A42908512200201C5B /* CastAPIResponse.swift in Sources */,
				47A195B229000D5A00973B87 /* ShowsAPIResponse.swift in Sources */,
				47A195AF29000AB700973B87 /* DataServiceProtocol.swift in Sources */,
				474CD5B7290997AD00201C5B /* SearchMovieCardView.swift in Sources */,
				474CD5B22909509000201C5B /* MovieCardView.swift in Sources */,
				47DF9CDC2909DFEE00351A44 /* SearchAPIError.swift in Sources */,
				47A195A929000A7C00973B87 /* ServiceFactory.swift in Sources */,
				47A195AD29000AA200973B87 /* DataService.swift in Sources */,
				474C62DB2901486B00795656 /* ScheduleAPIServiceProtocol.swift in Sources */,
				474CD5A82908514100201C5B /* CastApiServiceProtocol.swift in Sources */,
				47D44C8D28FEA6F8003E51F3 /* Coordinator.swift in Sources */,
				47D44C8F28FEA725003E51F3 /* HomeView.swift in Sources */,
				47D44C7028FEA62D003E51F3 /* AppDelegate.swift in Sources */,
				474CD5B4290950CE00201C5B /* ScheduleMovieCardView.swift in Sources */,
				47438A6529019D48003419B5 /* DetailsViewModel.swift in Sources */,
				47D44CA528FEB71B003E51F3 /* FavoritesCoordinator.swift in Sources */,
				47D44C7228FEA62D003E51F3 /* SceneDelegate.swift in Sources */,
			);
			runOnlyForDeploymentPostprocessing = 0;
		};
/* End PBXSourcesBuildPhase section */

/* Begin PBXVariantGroup section */
		47D44C7528FEA62D003E51F3 /* Main.storyboard */ = {
			isa = PBXVariantGroup;
			children = (
				47D44C7628FEA62D003E51F3 /* Base */,
			);
			name = Main.storyboard;
			sourceTree = "<group>";
		};
		47D44C7A28FEA62E003E51F3 /* LaunchScreen.storyboard */ = {
			isa = PBXVariantGroup;
			children = (
				47D44C7B28FEA62E003E51F3 /* Base */,
			);
			name = LaunchScreen.storyboard;
			sourceTree = "<group>";
		};
/* End PBXVariantGroup section */

/* Begin XCBuildConfiguration section */
		47D44C7E28FEA62E003E51F3 /* Debug */ = {
			isa = XCBuildConfiguration;
			buildSettings = {
				ALWAYS_SEARCH_USER_PATHS = NO;
				CLANG_ANALYZER_NONNULL = YES;
				CLANG_ANALYZER_NUMBER_OBJECT_CONVERSION = YES_AGGRESSIVE;
				CLANG_CXX_LANGUAGE_STANDARD = "gnu++17";
				CLANG_ENABLE_MODULES = YES;
				CLANG_ENABLE_OBJC_ARC = YES;
				CLANG_ENABLE_OBJC_WEAK = YES;
				CLANG_WARN_BLOCK_CAPTURE_AUTORELEASING = YES;
				CLANG_WARN_BOOL_CONVERSION = YES;
				CLANG_WARN_COMMA = YES;
				CLANG_WARN_CONSTANT_CONVERSION = YES;
				CLANG_WARN_DEPRECATED_OBJC_IMPLEMENTATIONS = YES;
				CLANG_WARN_DIRECT_OBJC_ISA_USAGE = YES_ERROR;
				CLANG_WARN_DOCUMENTATION_COMMENTS = YES;
				CLANG_WARN_EMPTY_BODY = YES;
				CLANG_WARN_ENUM_CONVERSION = YES;
				CLANG_WARN_INFINITE_RECURSION = YES;
				CLANG_WARN_INT_CONVERSION = YES;
				CLANG_WARN_NON_LITERAL_NULL_CONVERSION = YES;
				CLANG_WARN_OBJC_IMPLICIT_RETAIN_SELF = YES;
				CLANG_WARN_OBJC_LITERAL_CONVERSION = YES;
				CLANG_WARN_OBJC_ROOT_CLASS = YES_ERROR;
				CLANG_WARN_QUOTED_INCLUDE_IN_FRAMEWORK_HEADER = YES;
				CLANG_WARN_RANGE_LOOP_ANALYSIS = YES;
				CLANG_WARN_STRICT_PROTOTYPES = YES;
				CLANG_WARN_SUSPICIOUS_MOVE = YES;
				CLANG_WARN_UNGUARDED_AVAILABILITY = YES_AGGRESSIVE;
				CLANG_WARN_UNREACHABLE_CODE = YES;
				CLANG_WARN__DUPLICATE_METHOD_MATCH = YES;
				COPY_PHASE_STRIP = NO;
				DEBUG_INFORMATION_FORMAT = dwarf;
				ENABLE_STRICT_OBJC_MSGSEND = YES;
				ENABLE_TESTABILITY = YES;
				GCC_C_LANGUAGE_STANDARD = gnu11;
				GCC_DYNAMIC_NO_PIC = NO;
				GCC_NO_COMMON_BLOCKS = YES;
				GCC_OPTIMIZATION_LEVEL = 0;
				GCC_PREPROCESSOR_DEFINITIONS = (
					"DEBUG=1",
					"$(inherited)",
				);
				GCC_WARN_64_TO_32_BIT_CONVERSION = YES;
				GCC_WARN_ABOUT_RETURN_TYPE = YES_ERROR;
				GCC_WARN_UNDECLARED_SELECTOR = YES;
				GCC_WARN_UNINITIALIZED_AUTOS = YES_AGGRESSIVE;
				GCC_WARN_UNUSED_FUNCTION = YES;
				GCC_WARN_UNUSED_VARIABLE = YES;
				IPHONEOS_DEPLOYMENT_TARGET = 15.5;
				MTL_ENABLE_DEBUG_INFO = INCLUDE_SOURCE;
				MTL_FAST_MATH = YES;
				ONLY_ACTIVE_ARCH = YES;
				SDKROOT = iphoneos;
				SWIFT_ACTIVE_COMPILATION_CONDITIONS = DEBUG;
				SWIFT_OPTIMIZATION_LEVEL = "-Onone";
			};
			name = Debug;
		};
		47D44C7F28FEA62E003E51F3 /* Release */ = {
			isa = XCBuildConfiguration;
			buildSettings = {
				ALWAYS_SEARCH_USER_PATHS = NO;
				CLANG_ANALYZER_NONNULL = YES;
				CLANG_ANALYZER_NUMBER_OBJECT_CONVERSION = YES_AGGRESSIVE;
				CLANG_CXX_LANGUAGE_STANDARD = "gnu++17";
				CLANG_ENABLE_MODULES = YES;
				CLANG_ENABLE_OBJC_ARC = YES;
				CLANG_ENABLE_OBJC_WEAK = YES;
				CLANG_WARN_BLOCK_CAPTURE_AUTORELEASING = YES;
				CLANG_WARN_BOOL_CONVERSION = YES;
				CLANG_WARN_COMMA = YES;
				CLANG_WARN_CONSTANT_CONVERSION = YES;
				CLANG_WARN_DEPRECATED_OBJC_IMPLEMENTATIONS = YES;
				CLANG_WARN_DIRECT_OBJC_ISA_USAGE = YES_ERROR;
				CLANG_WARN_DOCUMENTATION_COMMENTS = YES;
				CLANG_WARN_EMPTY_BODY = YES;
				CLANG_WARN_ENUM_CONVERSION = YES;
				CLANG_WARN_INFINITE_RECURSION = YES;
				CLANG_WARN_INT_CONVERSION = YES;
				CLANG_WARN_NON_LITERAL_NULL_CONVERSION = YES;
				CLANG_WARN_OBJC_IMPLICIT_RETAIN_SELF = YES;
				CLANG_WARN_OBJC_LITERAL_CONVERSION = YES;
				CLANG_WARN_OBJC_ROOT_CLASS = YES_ERROR;
				CLANG_WARN_QUOTED_INCLUDE_IN_FRAMEWORK_HEADER = YES;
				CLANG_WARN_RANGE_LOOP_ANALYSIS = YES;
				CLANG_WARN_STRICT_PROTOTYPES = YES;
				CLANG_WARN_SUSPICIOUS_MOVE = YES;
				CLANG_WARN_UNGUARDED_AVAILABILITY = YES_AGGRESSIVE;
				CLANG_WARN_UNREACHABLE_CODE = YES;
				CLANG_WARN__DUPLICATE_METHOD_MATCH = YES;
				COPY_PHASE_STRIP = NO;
				DEBUG_INFORMATION_FORMAT = "dwarf-with-dsym";
				ENABLE_NS_ASSERTIONS = NO;
				ENABLE_STRICT_OBJC_MSGSEND = YES;
				GCC_C_LANGUAGE_STANDARD = gnu11;
				GCC_NO_COMMON_BLOCKS = YES;
				GCC_WARN_64_TO_32_BIT_CONVERSION = YES;
				GCC_WARN_ABOUT_RETURN_TYPE = YES_ERROR;
				GCC_WARN_UNDECLARED_SELECTOR = YES;
				GCC_WARN_UNINITIALIZED_AUTOS = YES_AGGRESSIVE;
				GCC_WARN_UNUSED_FUNCTION = YES;
				GCC_WARN_UNUSED_VARIABLE = YES;
				IPHONEOS_DEPLOYMENT_TARGET = 15.5;
				MTL_ENABLE_DEBUG_INFO = NO;
				MTL_FAST_MATH = YES;
				SDKROOT = iphoneos;
				SWIFT_COMPILATION_MODE = wholemodule;
				SWIFT_OPTIMIZATION_LEVEL = "-O";
				VALIDATE_PRODUCT = YES;
			};
			name = Release;
		};
		47D44C8128FEA62E003E51F3 /* Debug */ = {
			isa = XCBuildConfiguration;
			buildSettings = {
				ASSETCATALOG_COMPILER_APPICON_NAME = AppIcon;
				ASSETCATALOG_COMPILER_GLOBAL_ACCENT_COLOR_NAME = AccentColor;
				CODE_SIGN_STYLE = Automatic;
				CURRENT_PROJECT_VERSION = 1;
				GENERATE_INFOPLIST_FILE = YES;
				INFOPLIST_FILE = Cobe/Info.plist;
				INFOPLIST_KEY_UIMainStoryboardFile = Main;
				INFOPLIST_KEY_UISupportedInterfaceOrientations = UIInterfaceOrientationPortrait;
				INFOPLIST_KEY_UISupportedInterfaceOrientations_iPad = UIInterfaceOrientationPortrait;
				INFOPLIST_KEY_UISupportedInterfaceOrientations_iPhone = "UIInterfaceOrientationPortrait UIInterfaceOrientationLandscapeLeft UIInterfaceOrientationPortrait";
				LD_RUNPATH_SEARCH_PATHS = (
					"$(inherited)",
					"@executable_path/Frameworks",
				);
				MARKETING_VERSION = 1.0;
				PRODUCT_BUNDLE_IDENTIFIER = Matko.Cobe;
				PRODUCT_NAME = "$(TARGET_NAME)";
				SWIFT_EMIT_LOC_STRINGS = YES;
				SWIFT_VERSION = 5.0;
				TARGETED_DEVICE_FAMILY = "1,2";
			};
			name = Debug;
		};
		47D44C8228FEA62E003E51F3 /* Release */ = {
			isa = XCBuildConfiguration;
			buildSettings = {
				ASSETCATALOG_COMPILER_APPICON_NAME = AppIcon;
				ASSETCATALOG_COMPILER_GLOBAL_ACCENT_COLOR_NAME = AccentColor;
				CODE_SIGN_STYLE = Automatic;
				CURRENT_PROJECT_VERSION = 1;
				GENERATE_INFOPLIST_FILE = YES;
				INFOPLIST_FILE = Cobe/Info.plist;
				INFOPLIST_KEY_UIMainStoryboardFile = Main;
				INFOPLIST_KEY_UISupportedInterfaceOrientations = UIInterfaceOrientationPortrait;
				INFOPLIST_KEY_UISupportedInterfaceOrientations_iPad = UIInterfaceOrientationPortrait;
				INFOPLIST_KEY_UISupportedInterfaceOrientations_iPhone = "UIInterfaceOrientationPortrait UIInterfaceOrientationLandscapeLeft UIInterfaceOrientationPortrait";
				LD_RUNPATH_SEARCH_PATHS = (
					"$(inherited)",
					"@executable_path/Frameworks",
				);
				MARKETING_VERSION = 1.0;
				PRODUCT_BUNDLE_IDENTIFIER = Matko.Cobe;
				PRODUCT_NAME = "$(TARGET_NAME)";
				SWIFT_EMIT_LOC_STRINGS = YES;
				SWIFT_VERSION = 5.0;
				TARGETED_DEVICE_FAMILY = "1,2";
			};
			name = Release;
		};
/* End XCBuildConfiguration section */

/* Begin XCConfigurationList section */
		47D44C6728FEA62D003E51F3 /* Build configuration list for PBXProject "Cobe" */ = {
			isa = XCConfigurationList;
			buildConfigurations = (
				47D44C7E28FEA62E003E51F3 /* Debug */,
				47D44C7F28FEA62E003E51F3 /* Release */,
			);
			defaultConfigurationIsVisible = 0;
			defaultConfigurationName = Release;
		};
		47D44C8028FEA62E003E51F3 /* Build configuration list for PBXNativeTarget "Cobe" */ = {
			isa = XCConfigurationList;
			buildConfigurations = (
				47D44C8128FEA62E003E51F3 /* Debug */,
				47D44C8228FEA62E003E51F3 /* Release */,
			);
			defaultConfigurationIsVisible = 0;
			defaultConfigurationName = Release;
		};
/* End XCConfigurationList section */

/* Begin XCRemoteSwiftPackageReference section */
		47A6DD2B29070D1A0024CCB9 /* XCRemoteSwiftPackageReference "AttributedText" */ = {
			isa = XCRemoteSwiftPackageReference;
			repositoryURL = "https://github.com/Iaenhaall/AttributedText.git";
			requirement = {
				kind = upToNextMajorVersion;
				minimumVersion = 1.0.0;
			};
		};
/* End XCRemoteSwiftPackageReference section */

/* Begin XCSwiftPackageProductDependency section */
		47A6DD2C29070D1A0024CCB9 /* AttributedText */ = {
			isa = XCSwiftPackageProductDependency;
			package = 47A6DD2B29070D1A0024CCB9 /* XCRemoteSwiftPackageReference "AttributedText" */;
			productName = AttributedText;
		};
/* End XCSwiftPackageProductDependency section */
	};
	rootObject = 47D44C6428FEA62D003E51F3 /* Project object */;
}
